{
  "name": "skillup_june",
  "version": "1.0.0",
  "lockfileVersion": 1,
  "requires": true,
  "dependencies": {
    "bootstrap-grid-light": {
      "version": "1.1.0",
      "resolved": "https://registry.npmjs.org/bootstrap-grid-light/-/bootstrap-grid-light-1.1.0.tgz",
      "integrity": "sha1-AKOjV7d/1a6/O1wbZXRQkEfIbb4=",
      "dev": true
    }
  }
}
